
Microsoft Visual Studio Solution File, Format Version 12.00
# Visual Studio Version 17
VisualStudioVersion = 17.2.32616.157
MinimumVisualStudioVersion = 10.0.40219.1
Project("{FAE04EC0-301F-11D3-BF4B-00C04F79EFBC}") = "XO", "XO.csproj", "{DA9D620F-B486-4EF4-BF46-9CED074863F9}"
EndProject
Global
	GlobalSection(SolutionConfigurationPlatforms) = preSolution
		Debug|Any CPU = Debug|Any CPU
		Release|Any CPU = Release|Any CPU
	EndGlobalSection
	GlobalSection(ProjectConfigurationPlatforms) = postSolution
		{DA9D620F-B486-4EF4-BF46-9CED074863F9}.Debug|Any CPU.ActiveCfg = Debug|Any CPU
		{DA9D620F-B486-4EF4-BF46-9CED074863F9}.Debug|Any CPU.Build.0 = Debug|Any CPU
		{DA9D620F-B486-4EF4-BF46-9CED074863F9}.Release|Any CPU.ActiveCfg = Release|Any CPU
		{DA9D620F-B486-4EF4-BF46-9CED074863F9}.Release|Any CPU.Build.0 = Release|Any CPU
	EndGlobalSection
	GlobalSection(SolutionProperties) = preSolution
		HideSolutionNode = FALSE
	EndGlobalSection
	GlobalSection(ExtensibilityGlobals) = postSolution
		SolutionGuid = {66BB899D-9594-4217-8C41-F302E13DCD65}
	EndGlobalSection
EndGlobal
